
Microsoft Visual Studio Solution File, Format Version 12.00
# Visual Studio Version 17
VisualStudioVersion = 17.7.34221.43
MinimumVisualStudioVersion = 10.0.40219.1
Project("{FAE04EC0-301F-11D3-BF4B-00C04F79EFBC}") = "TestesParaAulas", "TestesParaAulas\TestesParaAulas.csproj", "{BCB0DDEB-6511-4350-900A-08227A8DACDB}"
EndProject
Global
	GlobalSection(SolutionConfigurationPlatforms) = preSolution
		Debug|Any CPU = Debug|Any CPU
		Release|Any CPU = Release|Any CPU
	EndGlobalSection
	GlobalSection(ProjectConfigurationPlatforms) = postSolution
		{BCB0DDEB-6511-4350-900A-08227A8DACDB}.Debug|Any CPU.ActiveCfg = Debug|Any CPU
		{BCB0DDEB-6511-4350-900A-08227A8DACDB}.Debug|Any CPU.Build.0 = Debug|Any CPU
		{BCB0DDEB-6511-4350-900A-08227A8DACDB}.Release|Any CPU.ActiveCfg = Release|Any CPU
		{BCB0DDEB-6511-4350-900A-08227A8DACDB}.Release|Any CPU.Build.0 = Release|Any CPU
	EndGlobalSection
	GlobalSection(SolutionProperties) = preSolution
		HideSolutionNode = FALSE
	EndGlobalSection
	GlobalSection(ExtensibilityGlobals) = postSolution
		SolutionGuid = {D772C48D-B65D-40F8-9945-F1AC6240BA43}
	EndGlobalSection
EndGlobal
